
Microsoft Visual Studio Solution File, Format Version 12.00
# Visual Studio Version 17
VisualStudioVersion = 17.0.31912.275
MinimumVisualStudioVersion = 10.0.40219.1
Project("{FAE04EC0-301F-11D3-BF4B-00C04F79EFBC}") = "Il2Cpp Cheat Base", "Il2Cpp Cheat Base\Il2Cpp Cheat Base.csproj", "{3897FFDD-3F7D-42D4-8B68-A4C88F31DAC7}"
EndProject
Global
	GlobalSection(SolutionConfigurationPlatforms) = preSolution
		Debug|Any CPU = Debug|Any CPU
		Release|Any CPU = Release|Any CPU
	EndGlobalSection
	GlobalSection(ProjectConfigurationPlatforms) = postSolution
		{3897FFDD-3F7D-42D4-8B68-A4C88F31DAC7}.Debug|Any CPU.ActiveCfg = Debug|Any CPU
		{3897FFDD-3F7D-42D4-8B68-A4C88F31DAC7}.Debug|Any CPU.Build.0 = Debug|Any CPU
		{3897FFDD-3F7D-42D4-8B68-A4C88F31DAC7}.Release|Any CPU.ActiveCfg = Release|Any CPU
		{3897FFDD-3F7D-42D4-8B68-A4C88F31DAC7}.Release|Any CPU.Build.0 = Release|Any CPU
	EndGlobalSection
	GlobalSection(SolutionProperties) = preSolution
		HideSolutionNode = FALSE
	EndGlobalSection
	GlobalSection(ExtensibilityGlobals) = postSolution
		SolutionGuid = {98401E2C-E0E3-47C0-B491-C14625DB2EDA}
	EndGlobalSection
EndGlobal
